PODS:
  - Alamofire (4.4.0)
  - Kingfisher (3.10.1)

DEPENDENCIES:
  - Alamofire
  - Kingfisher

SPEC CHECKSUMS:
  Alamofire: dc44b1600b800eb63da6a19039a0083d62a6a62d
  Kingfisher: 33a1b82140fcb14a9fc13f78dfde2a03ff8de8cb

PODFILE CHECKSUM: 1222cf79c7db369ee515b7b762595d2918718f8e

COCOAPODS: 1.0.1
